
Microsoft Visual Studio Solution File, Format Version 12.00
# Visual Studio Version 16
VisualStudioVersion = 16.0.31424.327
MinimumVisualStudioVersion = 10.0.40219.1
Project("{888888A0-9F3D-457C-B088-3A5042F75D52}") = "Hidden_string", "Hidden_string\Hidden_string.pyproj", "{631FAB85-16C1-4212-BABA-9C60072B292B}"
EndProject
Global
	GlobalSection(SolutionConfigurationPlatforms) = preSolution
		Debug|Any CPU = Debug|Any CPU
		Release|Any CPU = Release|Any CPU
	EndGlobalSection
	GlobalSection(ProjectConfigurationPlatforms) = postSolution
		{631FAB85-16C1-4212-BABA-9C60072B292B}.Debug|Any CPU.ActiveCfg = Debug|Any CPU
		{631FAB85-16C1-4212-BABA-9C60072B292B}.Release|Any CPU.ActiveCfg = Release|Any CPU
	EndGlobalSection
	GlobalSection(SolutionProperties) = preSolution
		HideSolutionNode = FALSE
	EndGlobalSection
	GlobalSection(ExtensibilityGlobals) = postSolution
		SolutionGuid = {318A58BC-E870-445B-85E3-CCDE38FCCF11}
	EndGlobalSection
EndGlobal
